// !$*UTF8*$!
{
	archiveVersion = 1;
	classes = {
	};
	objectVersion = 46;
	objects = {

/* Begin PBXBuildFile section */
		054ACEEC18A952EB00AAF46F /* Foundation.framework in Frameworks */ = {isa = PBXBuildFile; fileRef = 054ACEEB18A952EB00AAF46F /* Foundation.framework */; };
		054ACEEE18A952EB00AAF46F /* CoreGraphics.framework in Frameworks */ = {isa = PBXBuildFile; fileRef = 054ACEED18A952EB00AAF46F /* CoreGraphics.framework */; };
		054ACEF018A952EB00AAF46F /* UIKit.framework in Frameworks */ = {isa = PBXBuildFile; fileRef = 054ACEEF18A952EB00AAF46F /* UIKit.framework */; };
		054ACEF618A952EB00AAF46F /* InfoPlist.strings in Resources */ = {isa = PBXBuildFile; fileRef = 054ACEF418A952EB00AAF46F /* InfoPlist.strings */; };
		054ACEF818A952EB00AAF46F /* main.m in Sources */ = {isa = PBXBuildFile; fileRef = 054ACEF718A952EB00AAF46F /* main.m */; };
		054ACEFC18A952EB00AAF46F /* AppDelegate.m in Sources */ = {isa = PBXBuildFile; fileRef = 054ACEFB18A952EB00AAF46F /* AppDelegate.m */; };
		054ACF0218A952EB00AAF46F /* ViewController.m in Sources */ = {isa = PBXBuildFile; fileRef = 054ACF0118A952EB00AAF46F /* ViewController.m */; };
		054ACF0418A952EB00AAF46F /* Images.xcassets in Resources */ = {isa = PBXBuildFile; fileRef = 054ACF0318A952EB00AAF46F /* Images.xcassets */; };
		054ACF0B18A952EB00AAF46F /* XCTest.framework in Frameworks */ = {isa = PBXBuildFile; fileRef = 054ACF0A18A952EB00AAF46F /* XCTest.framework */; };
		054ACF0C18A952EB00AAF46F /* Foundation.framework in Frameworks */ = {isa = PBXBuildFile; fileRef = 054ACEEB18A952EB00AAF46F /* Foundation.framework */; };
		054ACF0D18A952EB00AAF46F /* UIKit.framework in Frameworks */ = {isa = PBXBuildFile; fileRef = 054ACEEF18A952EB00AAF46F /* UIKit.framework */; };
		054ACF1518A952EB00AAF46F /* InfoPlist.strings in Resources */ = {isa = PBXBuildFile; fileRef = 054ACF1318A952EB00AAF46F /* InfoPlist.strings */; };
		054ACF1718A952EB00AAF46F /* BumOrBorrowedTests.m in Sources */ = {isa = PBXBuildFile; fileRef = 054ACF1618A952EB00AAF46F /* BumOrBorrowedTests.m */; };
		054ACF2F18AA8A8700AAF46F /* DealViewController.m in Sources */ = {isa = PBXBuildFile; fileRef = 054ACF2E18AA8A8700AAF46F /* DealViewController.m */; };
		054ACF3218AA98FC00AAF46F /* ViewDealsViewController.m in Sources */ = {isa = PBXBuildFile; fileRef = 054ACF3118AA98FC00AAF46F /* ViewDealsViewController.m */; };
		054ACF3518AAD26400AAF46F /* Main.storyboard in Resources */ = {isa = PBXBuildFile; fileRef = 054ACF3318AAD26400AAF46F /* Main.storyboard */; };
		054ACF3818AAE1F800AAF46F /* DealDetailViewController.m in Sources */ = {isa = PBXBuildFile; fileRef = 054ACF3718AAE1F800AAF46F /* DealDetailViewController.m */; };
		05659BF518B2D170004DD573 /* AdSupport.framework in Frameworks */ = {isa = PBXBuildFile; fileRef = 05659BF418B2D170004DD573 /* AdSupport.framework */; settings = {ATTRIBUTES = (Weak, ); }; };
		05659BF718B2D178004DD573 /* Accounts.framework in Frameworks */ = {isa = PBXBuildFile; fileRef = 05659BF618B2D178004DD573 /* Accounts.framework */; settings = {ATTRIBUTES = (Weak, ); }; };
		05659BF918B2D192004DD573 /* libsqlite3.dylib in Frameworks */ = {isa = PBXBuildFile; fileRef = 05659BF818B2D192004DD573 /* libsqlite3.dylib */; settings = {ATTRIBUTES = (Weak, ); }; };
		05659BFB18B2D19F004DD573 /* Security.framework in Frameworks */ = {isa = PBXBuildFile; fileRef = 05659BFA18B2D19F004DD573 /* Security.framework */; settings = {ATTRIBUTES = (Weak, ); }; };
		05659BFD18B2D1A7004DD573 /* Social.framework in Frameworks */ = {isa = PBXBuildFile; fileRef = 05659BFC18B2D1A7004DD573 /* Social.framework */; settings = {ATTRIBUTES = (Weak, ); }; };
		05659BFF18B2D53B004DD573 /* Parse.framework in Frameworks */ = {isa = PBXBuildFile; fileRef = 05659BFE18B2D53B004DD573 /* Parse.framework */; };
		05659C0118B2D58C004DD573 /* AudioToolbox.framework in Frameworks */ = {isa = PBXBuildFile; fileRef = 05659C0018B2D58C004DD573 /* AudioToolbox.framework */; settings = {ATTRIBUTES = (Weak, ); }; };
		05659C0318B2D593004DD573 /* CFNetwork.framework in Frameworks */ = {isa = PBXBuildFile; fileRef = 05659C0218B2D593004DD573 /* CFNetwork.framework */; settings = {ATTRIBUTES = (Weak, ); }; };
		05659C0518B2D5BB004DD573 /* libz.1.1.3.dylib in Frameworks */ = {isa = PBXBuildFile; fileRef = 05659C0418B2D5BB004DD573 /* libz.1.1.3.dylib */; settings = {ATTRIBUTES = (Weak, ); }; };
		05659C0718B2D5CA004DD573 /* MobileCoreServices.framework in Frameworks */ = {isa = PBXBuildFile; fileRef = 05659C0618B2D5CA004DD573 /* MobileCoreServices.framework */; settings = {ATTRIBUTES = (Weak, ); }; };
		05659C0918B2D5DB004DD573 /* QuartzCore.framework in Frameworks */ = {isa = PBXBuildFile; fileRef = 05659C0818B2D5DB004DD573 /* QuartzCore.framework */; settings = {ATTRIBUTES = (Weak, ); }; };
		05659C0B18B2D5F7004DD573 /* StoreKit.framework in Frameworks */ = {isa = PBXBuildFile; fileRef = 05659C0A18B2D5F7004DD573 /* StoreKit.framework */; settings = {ATTRIBUTES = (Weak, ); }; };
		05659C0D18B2D608004DD573 /* SystemConfiguration.framework in Frameworks */ = {isa = PBXBuildFile; fileRef = 05659C0C18B2D608004DD573 /* SystemConfiguration.framework */; settings = {ATTRIBUTES = (Weak, ); }; };
		05BEAD8218BE5B72000E0581 /* DatePickerButton.png in Resources */ = {isa = PBXBuildFile; fileRef = 05BEAD8118BE5B72000E0581 /* DatePickerButton.png */; };
		4F8A74134B52495DB4F28D29 /* libPods.a in Frameworks */ = {isa = PBXBuildFile; fileRef = D4B8D92DCB874BF3905BFDA7 /* libPods.a */; };
		F54EE85D18B3EBA3009821FA /* free-camera-icon.png in Resources */ = {isa = PBXBuildFile; fileRef = F54EE85C18B3EBA3009821FA /* free-camera-icon.png */; };
		F54EE86018B3FAE7009821FA /* AddressBook.framework in Frameworks */ = {isa = PBXBuildFile; fileRef = F54EE85E18B3FAE7009821FA /* AddressBook.framework */; };
		F54EE86118B3FAE7009821FA /* AddressBookUI.framework in Frameworks */ = {isa = PBXBuildFile; fileRef = F54EE85F18B3FAE7009821FA /* AddressBookUI.framework */; };
		F5540E8D18BE88BE00819480 /* DealDetailDatePickerViewController.m in Sources */ = {isa = PBXBuildFile; fileRef = F5540E8C18BE88BE00819480 /* DealDetailDatePickerViewController.m */; };
		F5552A2F18BEBB25007891A4 /* slide-circle-black.png in Resources */ = {isa = PBXBuildFile; fileRef = F5552A2E18BEBB25007891A4 /* slide-circle-black.png */; };
		F5552A3118BEBFF2007891A4 /* facebook black .png in Resources */ = {isa = PBXBuildFile; fileRef = F5552A3018BEBFF2007891A4 /* facebook black .png */; };
		F5552A3318BEC002007891A4 /* info-256.png in Resources */ = {isa = PBXBuildFile; fileRef = F5552A3218BEC002007891A4 /* info-256.png */; };
		F5552A3518BEC2DB007891A4 /* black_line.png in Resources */ = {isa = PBXBuildFile; fileRef = F5552A3418BEC2DB007891A4 /* black_line.png */; };
		F5552A3718BEC370007891A4 /* blackline good.png in Resources */ = {isa = PBXBuildFile; fileRef = F5552A3618BEC370007891A4 /* blackline good.png */; };
		F5552A3918BEC75D007891A4 /* facebook blacker .png in Resources */ = {isa = PBXBuildFile; fileRef = F5552A3818BEC75D007891A4 /* facebook blacker .png */; };
		F5552A3D18BED296007891A4 /* Borrow-Hero-Splash.png in Resources */ = {isa = PBXBuildFile; fileRef = F5552A3C18BED296007891A4 /* Borrow-Hero-Splash.png */; };
		F5A51CB118BD00E200FCCA6A /* ItemsCustomCell.m in Sources */ = {isa = PBXBuildFile; fileRef = F5A51CB018BD00E200FCCA6A /* ItemsCustomCell.m */; };
		F5A51CB918BD2BE200FCCA6A /* MessageUI.framework in Frameworks */ = {isa = PBXBuildFile; fileRef = F5A51CB818BD2BE200FCCA6A /* MessageUI.framework */; };
		F5BB661918B514CB00462F36 /* facebook.png in Resources */ = {isa = PBXBuildFile; fileRef = F5BB661818B514CB00462F36 /* facebook.png */; };
		F5BB661B18B515A400462F36 /* facebook f blue.png in Resources */ = {isa = PBXBuildFile; fileRef = F5BB661A18B515A400462F36 /* facebook f blue.png */; };
		F5BB661F18B6609F00462F36 /* facebook_f_blue_color_match_attempt.png in Resources */ = {isa = PBXBuildFile; fileRef = F5BB661E18B6609F00462F36 /* facebook_f_blue_color_match_attempt.png */; };
		F5BB662218B6732100462F36 /* ViewByItemsViewController.m in Sources */ = {isa = PBXBuildFile; fileRef = F5BB662118B6732100462F36 /* ViewByItemsViewController.m */; };
/* End PBXBuildFile section */

/* Begin PBXContainerItemProxy section */
		054ACF0E18A952EB00AAF46F /* PBXContainerItemProxy */ = {
			isa = PBXContainerItemProxy;
			containerPortal = 054ACEE018A952EB00AAF46F /* Project object */;
			proxyType = 1;
			remoteGlobalIDString = 054ACEE718A952EB00AAF46F;
			remoteInfo = BumOrBorrowed;
		};
/* End PBXContainerItemProxy section */

/* Begin PBXFileReference section */
		054ACEE818A952EB00AAF46F /* BumOrBorrowed.app */ = {isa = PBXFileReference; explicitFileType = wrapper.application; includeInIndex = 0; path = BumOrBorrowed.app; sourceTree = BUILT_PRODUCTS_DIR; };
		054ACEEB18A952EB00AAF46F /* Foundation.framework */ = {isa = PBXFileReference; lastKnownFileType = wrapper.framework; name = Foundation.framework; path = System/Library/Frameworks/Foundation.framework; sourceTree = SDKROOT; };
		054ACEED18A952EB00AAF46F /* CoreGraphics.framework */ = {isa = PBXFileReference; lastKnownFileType = wrapper.framework; name = CoreGraphics.framework; path = System/Library/Frameworks/CoreGraphics.framework; sourceTree = SDKROOT; };
		054ACEEF18A952EB00AAF46F /* UIKit.framework */ = {isa = PBXFileReference; lastKnownFileType = wrapper.framework; name = UIKit.framework; path = System/Library/Frameworks/UIKit.framework; sourceTree = SDKROOT; };
		054ACEF318A952EB00AAF46F /* BumOrBorrowed-Info.plist */ = {isa = PBXFileReference; lastKnownFileType = text.plist.xml; path = "BumOrBorrowed-Info.plist"; sourceTree = "<group>"; };
		054ACEF518A952EB00AAF46F /* en */ = {isa = PBXFileReference; lastKnownFileType = text.plist.strings; name = en; path = en.lproj/InfoPlist.strings; sourceTree = "<group>"; };
		054ACEF718A952EB00AAF46F /* main.m */ = {isa = PBXFileReference; lastKnownFileType = sourcecode.c.objc; path = main.m; sourceTree = "<group>"; };
		054ACEF918A952EB00AAF46F /* BumOrBorrowed-Prefix.pch */ = {isa = PBXFileReference; lastKnownFileType = sourcecode.c.h; path = "BumOrBorrowed-Prefix.pch"; sourceTree = "<group>"; };
		054ACEFA18A952EB00AAF46F /* AppDelegate.h */ = {isa = PBXFileReference; lastKnownFileType = sourcecode.c.h; path = AppDelegate.h; sourceTree = "<group>"; };
		054ACEFB18A952EB00AAF46F /* AppDelegate.m */ = {isa = PBXFileReference; lastKnownFileType = sourcecode.c.objc; path = AppDelegate.m; sourceTree = "<group>"; };
		054ACF0018A952EB00AAF46F /* ViewController.h */ = {isa = PBXFileReference; lastKnownFileType = sourcecode.c.h; path = ViewController.h; sourceTree = "<group>"; };
		054ACF0118A952EB00AAF46F /* ViewController.m */ = {isa = PBXFileReference; lastKnownFileType = sourcecode.c.objc; path = ViewController.m; sourceTree = "<group>"; };
		054ACF0318A952EB00AAF46F /* Images.xcassets */ = {isa = PBXFileReference; lastKnownFileType = folder.assetcatalog; path = Images.xcassets; sourceTree = "<group>"; };
		054ACF0918A952EB00AAF46F /* BumOrBorrowedTests.xctest */ = {isa = PBXFileReference; explicitFileType = wrapper.cfbundle; includeInIndex = 0; path = BumOrBorrowedTests.xctest; sourceTree = BUILT_PRODUCTS_DIR; };
		054ACF0A18A952EB00AAF46F /* XCTest.framework */ = {isa = PBXFileReference; lastKnownFileType = wrapper.framework; name = XCTest.framework; path = Library/Frameworks/XCTest.framework; sourceTree = DEVELOPER_DIR; };
		054ACF1218A952EB00AAF46F /* BumOrBorrowedTests-Info.plist */ = {isa = PBXFileReference; lastKnownFileType = text.plist.xml; path = "BumOrBorrowedTests-Info.plist"; sourceTree = "<group>"; };
		054ACF1418A952EB00AAF46F /* en */ = {isa = PBXFileReference; lastKnownFileType = text.plist.strings; name = en; path = en.lproj/InfoPlist.strings; sourceTree = "<group>"; };
		054ACF1618A952EB00AAF46F /* BumOrBorrowedTests.m */ = {isa = PBXFileReference; lastKnownFileType = sourcecode.c.objc; path = BumOrBorrowedTests.m; sourceTree = "<group>"; };
		054ACF2D18AA8A8700AAF46F /* DealViewController.h */ = {isa = PBXFileReference; fileEncoding = 4; lastKnownFileType = sourcecode.c.h; name = DealViewController.h; path = ../DealViewController.h; sourceTree = "<group>"; };
		054ACF2E18AA8A8700AAF46F /* DealViewController.m */ = {isa = PBXFileReference; fileEncoding = 4; lastKnownFileType = sourcecode.c.objc; name = DealViewController.m; path = ../DealViewController.m; sourceTree = "<group>"; };
		054ACF3018AA98FC00AAF46F /* ViewDealsViewController.h */ = {isa = PBXFileReference; fileEncoding = 4; lastKnownFileType = sourcecode.c.h; path = ViewDealsViewController.h; sourceTree = "<group>"; };
		054ACF3118AA98FC00AAF46F /* ViewDealsViewController.m */ = {isa = PBXFileReference; fileEncoding = 4; lastKnownFileType = sourcecode.c.objc; path = ViewDealsViewController.m; sourceTree = "<group>"; };
		054ACF3418AAD26400AAF46F /* Base */ = {isa = PBXFileReference; lastKnownFileType = file.storyboard; name = Base; path = Base.lproj/Main.storyboard; sourceTree = "<group>"; };
		054ACF3618AAE1F800AAF46F /* DealDetailViewController.h */ = {isa = PBXFileReference; fileEncoding = 4; lastKnownFileType = sourcecode.c.h; path = DealDetailViewController.h; sourceTree = "<group>"; };
		054ACF3718AAE1F800AAF46F /* DealDetailViewController.m */ = {isa = PBXFileReference; fileEncoding = 4; lastKnownFileType = sourcecode.c.objc; path = DealDetailViewController.m; sourceTree = "<group>"; };
		05659BF218B2D142004DD573 /* FacebookSDK.framework */ = {isa = PBXFileReference; lastKnownFileType = wrapper.framework; name = FacebookSDK.framework; path = ../../../Documents/FacebookSDK/FacebookSDK.framework; sourceTree = "<group>"; };
		05659BF418B2D170004DD573 /* AdSupport.framework */ = {isa = PBXFileReference; lastKnownFileType = wrapper.framework; name = AdSupport.framework; path = System/Library/Frameworks/AdSupport.framework; sourceTree = SDKROOT; };
		05659BF618B2D178004DD573 /* Accounts.framework */ = {isa = PBXFileReference; lastKnownFileType = wrapper.framework; name = Accounts.framework; path = System/Library/Frameworks/Accounts.framework; sourceTree = SDKROOT; };
		05659BF818B2D192004DD573 /* libsqlite3.dylib */ = {isa = PBXFileReference; lastKnownFileType = "compiled.mach-o.dylib"; name = libsqlite3.dylib; path = usr/lib/libsqlite3.dylib; sourceTree = SDKROOT; };
		05659BFA18B2D19F004DD573 /* Security.framework */ = {isa = PBXFileReference; lastKnownFileType = wrapper.framework; name = Security.framework; path = System/Library/Frameworks/Security.framework; sourceTree = SDKROOT; };
		05659BFC18B2D1A7004DD573 /* Social.framework */ = {isa = PBXFileReference; lastKnownFileType = wrapper.framework; name = Social.framework; path = System/Library/Frameworks/Social.framework; sourceTree = SDKROOT; };
		05659BFE18B2D53B004DD573 /* Parse.framework */ = {isa = PBXFileReference; lastKnownFileType = wrapper.framework; name = Parse.framework; path = Pods/Parse/Parse.framework; sourceTree = "<group>"; };
		05659C0018B2D58C004DD573 /* AudioToolbox.framework */ = {isa = PBXFileReference; lastKnownFileType = wrapper.framework; name = AudioToolbox.framework; path = System/Library/Frameworks/AudioToolbox.framework; sourceTree = SDKROOT; };
		05659C0218B2D593004DD573 /* CFNetwork.framework */ = {isa = PBXFileReference; lastKnownFileType = wrapper.framework; name = CFNetwork.framework; path = System/Library/Frameworks/CFNetwork.framework; sourceTree = SDKROOT; };
		05659C0418B2D5BB004DD573 /* libz.1.1.3.dylib */ = {isa = PBXFileReference; lastKnownFileType = "compiled.mach-o.dylib"; name = libz.1.1.3.dylib; path = usr/lib/libz.1.1.3.dylib; sourceTree = SDKROOT; };
		05659C0618B2D5CA004DD573 /* MobileCoreServices.framework */ = {isa = PBXFileReference; lastKnownFileType = wrapper.framework; name = MobileCoreServices.framework; path = System/Library/Frameworks/MobileCoreServices.framework; sourceTree = SDKROOT; };
		05659C0818B2D5DB004DD573 /* QuartzCore.framework */ = {isa = PBXFileReference; lastKnownFileType = wrapper.framework; name = QuartzCore.framework; path = System/Library/Frameworks/QuartzCore.framework; sourceTree = SDKROOT; };
		05659C0A18B2D5F7004DD573 /* StoreKit.framework */ = {isa = PBXFileReference; lastKnownFileType = wrapper.framework; name = StoreKit.framework; path = System/Library/Frameworks/StoreKit.framework; sourceTree = SDKROOT; };
		05659C0C18B2D608004DD573 /* SystemConfiguration.framework */ = {isa = PBXFileReference; lastKnownFileType = wrapper.framework; name = SystemConfiguration.framework; path = System/Library/Frameworks/SystemConfiguration.framework; sourceTree = SDKROOT; };
		05BEAD8118BE5B72000E0581 /* DatePickerButton.png */ = {isa = PBXFileReference; lastKnownFileType = image.png; path = DatePickerButton.png; sourceTree = "<group>"; };
		935918A2E99441BC9A530BF9 /* Pods.xcconfig */ = {isa = PBXFileReference; includeInIndex = 1; lastKnownFileType = text.xcconfig; name = Pods.xcconfig; path = Pods/Pods.xcconfig; sourceTree = "<group>"; };
		D4B8D92DCB874BF3905BFDA7 /* libPods.a */ = {isa = PBXFileReference; explicitFileType = archive.ar; includeInIndex = 0; path = libPods.a; sourceTree = BUILT_PRODUCTS_DIR; };
		F54EE85C18B3EBA3009821FA /* free-camera-icon.png */ = {isa = PBXFileReference; lastKnownFileType = image.png; path = "free-camera-icon.png"; sourceTree = "<group>"; };
		F54EE85E18B3FAE7009821FA /* AddressBook.framework */ = {isa = PBXFileReference; lastKnownFileType = wrapper.framework; name = AddressBook.framework; path = System/Library/Frameworks/AddressBook.framework; sourceTree = SDKROOT; };
		F54EE85F18B3FAE7009821FA /* AddressBookUI.framework */ = {isa = PBXFileReference; lastKnownFileType = wrapper.framework; name = AddressBookUI.framework; path = System/Library/Frameworks/AddressBookUI.framework; sourceTree = SDKROOT; };
		F5540E8B18BE88BE00819480 /* DealDetailDatePickerViewController.h */ = {isa = PBXFileReference; fileEncoding = 4; lastKnownFileType = sourcecode.c.h; name = DealDetailDatePickerViewController.h; path = ../DealDetailDatePickerViewController.h; sourceTree = "<group>"; };
		F5540E8C18BE88BE00819480 /* DealDetailDatePickerViewController.m */ = {isa = PBXFileReference; fileEncoding = 4; lastKnownFileType = sourcecode.c.objc; name = DealDetailDatePickerViewController.m; path = ../DealDetailDatePickerViewController.m; sourceTree = "<group>"; };
		F5552A2E18BEBB25007891A4 /* slide-circle-black.png */ = {isa = PBXFileReference; lastKnownFileType = image.png; path = "slide-circle-black.png"; sourceTree = "<group>"; };
		F5552A3018BEBFF2007891A4 /* facebook black .png */ = {isa = PBXFileReference; lastKnownFileType = image.png; path = "facebook black .png"; sourceTree = "<group>"; };
		F5552A3218BEC002007891A4 /* info-256.png */ = {isa = PBXFileReference; lastKnownFileType = image.png; path = "info-256.png"; sourceTree = "<group>"; };
		F5552A3418BEC2DB007891A4 /* black_line.png */ = {isa = PBXFileReference; lastKnownFileType = image.png; path = black_line.png; sourceTree = "<group>"; };
		F5552A3618BEC370007891A4 /* blackline good.png */ = {isa = PBXFileReference; lastKnownFileType = image.png; path = "blackline good.png"; sourceTree = "<group>"; };
		F5552A3818BEC75D007891A4 /* facebook blacker .png */ = {isa = PBXFileReference; lastKnownFileType = image.png; path = "facebook blacker .png"; sourceTree = "<group>"; };
		F5552A3C18BED296007891A4 /* Borrow-Hero-Splash.png */ = {isa = PBXFileReference; lastKnownFileType = image.png; path = "Borrow-Hero-Splash.png"; sourceTree = "<group>"; };
		F5A51CAF18BD00E200FCCA6A /* ItemsCustomCell.h */ = {isa = PBXFileReference; fileEncoding = 4; lastKnownFileType = sourcecode.c.h; path = ItemsCustomCell.h; sourceTree = "<group>"; };
		F5A51CB018BD00E200FCCA6A /* ItemsCustomCell.m */ = {isa = PBXFileReference; fileEncoding = 4; lastKnownFileType = sourcecode.c.objc; path = ItemsCustomCell.m; sourceTree = "<group>"; };
		F5A51CB818BD2BE200FCCA6A /* MessageUI.framework */ = {isa = PBXFileReference; lastKnownFileType = wrapper.framework; name = MessageUI.framework; path = System/Library/Frameworks/MessageUI.framework; sourceTree = SDKROOT; };
		F5BB661818B514CB00462F36 /* facebook.png */ = {isa = PBXFileReference; lastKnownFileType = image.png; path = facebook.png; sourceTree = "<group>"; };
		F5BB661A18B515A400462F36 /* facebook f blue.png */ = {isa = PBXFileReference; lastKnownFileType = image.png; path = "facebook f blue.png"; sourceTree = "<group>"; };
		F5BB661E18B6609F00462F36 /* facebook_f_blue_color_match_attempt.png */ = {isa = PBXFileReference; lastKnownFileType = image.png; path = facebook_f_blue_color_match_attempt.png; sourceTree = "<group>"; };
		F5BB662018B6732100462F36 /* ViewByItemsViewController.h */ = {isa = PBXFileReference; fileEncoding = 4; lastKnownFileType = sourcecode.c.h; path = ViewByItemsViewController.h; sourceTree = "<group>"; };
		F5BB662118B6732100462F36 /* ViewByItemsViewController.m */ = {isa = PBXFileReference; fileEncoding = 4; lastKnownFileType = sourcecode.c.objc; path = ViewByItemsViewController.m; sourceTree = "<group>"; };
/* End PBXFileReference section */

/* Begin PBXFrameworksBuildPhase section */
		054ACEE518A952EB00AAF46F /* Frameworks */ = {
			isa = PBXFrameworksBuildPhase;
			buildActionMask = 2147483647;
			files = (
				F5A51CB918BD2BE200FCCA6A /* MessageUI.framework in Frameworks */,
				F54EE86018B3FAE7009821FA /* AddressBook.framework in Frameworks */,
				F54EE86118B3FAE7009821FA /* AddressBookUI.framework in Frameworks */,
				05659C0D18B2D608004DD573 /* SystemConfiguration.framework in Frameworks */,
				05659C0B18B2D5F7004DD573 /* StoreKit.framework in Frameworks */,
				05659C0918B2D5DB004DD573 /* QuartzCore.framework in Frameworks */,
				05659C0718B2D5CA004DD573 /* MobileCoreServices.framework in Frameworks */,
				05659C0518B2D5BB004DD573 /* libz.1.1.3.dylib in Frameworks */,
				05659C0318B2D593004DD573 /* CFNetwork.framework in Frameworks */,
				05659C0118B2D58C004DD573 /* AudioToolbox.framework in Frameworks */,
				05659BFD18B2D1A7004DD573 /* Social.framework in Frameworks */,
				05659BFB18B2D19F004DD573 /* Security.framework in Frameworks */,
				05659BF918B2D192004DD573 /* libsqlite3.dylib in Frameworks */,
				05659BF718B2D178004DD573 /* Accounts.framework in Frameworks */,
				05659BF518B2D170004DD573 /* AdSupport.framework in Frameworks */,
				054ACEEE18A952EB00AAF46F /* CoreGraphics.framework in Frameworks */,
				05659BFF18B2D53B004DD573 /* Parse.framework in Frameworks */,
				054ACEF018A952EB00AAF46F /* UIKit.framework in Frameworks */,
				054ACEEC18A952EB00AAF46F /* Foundation.framework in Frameworks */,
				4F8A74134B52495DB4F28D29 /* libPods.a in Frameworks */,
			);
			runOnlyForDeploymentPostprocessing = 0;
		};
		054ACF0618A952EB00AAF46F /* Frameworks */ = {
			isa = PBXFrameworksBuildPhase;
			buildActionMask = 2147483647;
			files = (
				054ACF0B18A952EB00AAF46F /* XCTest.framework in Frameworks */,
				054ACF0D18A952EB00AAF46F /* UIKit.framework in Frameworks */,
				054ACF0C18A952EB00AAF46F /* Foundation.framework in Frameworks */,
			);
			runOnlyForDeploymentPostprocessing = 0;
		};
/* End PBXFrameworksBuildPhase section */

/* Begin PBXGroup section */
		054ACEDF18A952EB00AAF46F = {
			isa = PBXGroup;
			children = (
				054ACEF118A952EB00AAF46F /* BumOrBorrowed */,
				054ACF1018A952EB00AAF46F /* BumOrBorrowedTests */,
				054ACEEA18A952EB00AAF46F /* Frameworks */,
				054ACEE918A952EB00AAF46F /* Products */,
				935918A2E99441BC9A530BF9 /* Pods.xcconfig */,
			);
			sourceTree = "<group>";
		};
		054ACEE918A952EB00AAF46F /* Products */ = {
			isa = PBXGroup;
			children = (
				054ACEE818A952EB00AAF46F /* BumOrBorrowed.app */,
				054ACF0918A952EB00AAF46F /* BumOrBorrowedTests.xctest */,
			);
			name = Products;
			sourceTree = "<group>";
		};
		054ACEEA18A952EB00AAF46F /* Frameworks */ = {
			isa = PBXGroup;
			children = (
				F5A51CB818BD2BE200FCCA6A /* MessageUI.framework */,
				F54EE85E18B3FAE7009821FA /* AddressBook.framework */,
				F54EE85F18B3FAE7009821FA /* AddressBookUI.framework */,
				05659C0C18B2D608004DD573 /* SystemConfiguration.framework */,
				05659C0A18B2D5F7004DD573 /* StoreKit.framework */,
				05659C0818B2D5DB004DD573 /* QuartzCore.framework */,
				05659C0618B2D5CA004DD573 /* MobileCoreServices.framework */,
				05659C0418B2D5BB004DD573 /* libz.1.1.3.dylib */,
				05659C0218B2D593004DD573 /* CFNetwork.framework */,
				05659C0018B2D58C004DD573 /* AudioToolbox.framework */,
				05659BFE18B2D53B004DD573 /* Parse.framework */,
				05659BFC18B2D1A7004DD573 /* Social.framework */,
				05659BFA18B2D19F004DD573 /* Security.framework */,
				05659BF818B2D192004DD573 /* libsqlite3.dylib */,
				05659BF618B2D178004DD573 /* Accounts.framework */,
				05659BF418B2D170004DD573 /* AdSupport.framework */,
				05659BF218B2D142004DD573 /* FacebookSDK.framework */,
				054ACEEB18A952EB00AAF46F /* Foundation.framework */,
				054ACEED18A952EB00AAF46F /* CoreGraphics.framework */,
				054ACEEF18A952EB00AAF46F /* UIKit.framework */,
				054ACF0A18A952EB00AAF46F /* XCTest.framework */,
				D4B8D92DCB874BF3905BFDA7 /* libPods.a */,
			);
			name = Frameworks;
			sourceTree = "<group>";
		};
		054ACEF118A952EB00AAF46F /* BumOrBorrowed */ = {
			isa = PBXGroup;
			children = (
				F5540E8B18BE88BE00819480 /* DealDetailDatePickerViewController.h */,
				F5540E8C18BE88BE00819480 /* DealDetailDatePickerViewController.m */,
				054ACEFA18A952EB00AAF46F /* AppDelegate.h */,
				054ACEFB18A952EB00AAF46F /* AppDelegate.m */,
				054ACF2D18AA8A8700AAF46F /* DealViewController.h */,
				054ACF2E18AA8A8700AAF46F /* DealViewController.m */,
				054ACF3018AA98FC00AAF46F /* ViewDealsViewController.h */,
				054ACF3118AA98FC00AAF46F /* ViewDealsViewController.m */,
				054ACF0018A952EB00AAF46F /* ViewController.h */,
				054ACF0118A952EB00AAF46F /* ViewController.m */,
				054ACF3318AAD26400AAF46F /* Main.storyboard */,
				F5A51CAF18BD00E200FCCA6A /* ItemsCustomCell.h */,
				F5A51CB018BD00E200FCCA6A /* ItemsCustomCell.m */,
				F5BB662018B6732100462F36 /* ViewByItemsViewController.h */,
				F5BB662118B6732100462F36 /* ViewByItemsViewController.m */,
				054ACF3618AAE1F800AAF46F /* DealDetailViewController.h */,
				054ACF3718AAE1F800AAF46F /* DealDetailViewController.m */,
				054ACF0318A952EB00AAF46F /* Images.xcassets */,
				05BEAD8118BE5B72000E0581 /* DatePickerButton.png */,
				F5552A3618BEC370007891A4 /* blackline good.png */,
				F5552A3418BEC2DB007891A4 /* black_line.png */,
				F5552A2E18BEBB25007891A4 /* slide-circle-black.png */,
				F5552A3818BEC75D007891A4 /* facebook blacker .png */,
				F5552A3C18BED296007891A4 /* Borrow-Hero-Splash.png */,
				F5552A3018BEBFF2007891A4 /* facebook black .png */,
				F5552A3218BEC002007891A4 /* info-256.png */,
				F54EE85C18B3EBA3009821FA /* free-camera-icon.png */,
				F5BB661A18B515A400462F36 /* facebook f blue.png */,
				F5BB661818B514CB00462F36 /* facebook.png */,
				F5BB661E18B6609F00462F36 /* facebook_f_blue_color_match_attempt.png */,
				054ACEF218A952EB00AAF46F /* Supporting Files */,
			);
			path = BumOrBorrowed;
			sourceTree = "<group>";
		};
		054ACEF218A952EB00AAF46F /* Supporting Files */ = {
			isa = PBXGroup;
			children = (
				054ACEF318A952EB00AAF46F /* BumOrBorrowed-Info.plist */,
				054ACEF418A952EB00AAF46F /* InfoPlist.strings */,
				054ACEF718A952EB00AAF46F /* main.m */,
				054ACEF918A952EB00AAF46F /* BumOrBorrowed-Prefix.pch */,
			);
			name = "Supporting Files";
			sourceTree = "<group>";
		};
		054ACF1018A952EB00AAF46F /* BumOrBorrowedTests */ = {
			isa = PBXGroup;
			children = (
				054ACF1618A952EB00AAF46F /* BumOrBorrowedTests.m */,
				054ACF1118A952EB00AAF46F /* Supporting Files */,
			);
			path = BumOrBorrowedTests;
			sourceTree = "<group>";
		};
		054ACF1118A952EB00AAF46F /* Supporting Files */ = {
			isa = PBXGroup;
			children = (
				054ACF1218A952EB00AAF46F /* BumOrBorrowedTests-Info.plist */,
				054ACF1318A952EB00AAF46F /* InfoPlist.strings */,
			);
			name = "Supporting Files";
			sourceTree = "<group>";
		};
/* End PBXGroup section */

/* Begin PBXNativeTarget section */
		054ACEE718A952EB00AAF46F /* BumOrBorrowed */ = {
			isa = PBXNativeTarget;
			buildConfigurationList = 054ACF1A18A952EB00AAF46F /* Build configuration list for PBXNativeTarget "BumOrBorrowed" */;
			buildPhases = (
				A5573655A3E8423285A79864 /* Check Pods Manifest.lock */,
				054ACEE418A952EB00AAF46F /* Sources */,
				054ACEE518A952EB00AAF46F /* Frameworks */,
				054ACEE618A952EB00AAF46F /* Resources */,
				3238A029E83F4E399D66C11C /* Copy Pods Resources */,
			);
			buildRules = (
			);
			dependencies = (
			);
			name = BumOrBorrowed;
			productName = BumOrBorrowed;
			productReference = 054ACEE818A952EB00AAF46F /* BumOrBorrowed.app */;
			productType = "com.apple.product-type.application";
		};
		054ACF0818A952EB00AAF46F /* BumOrBorrowedTests */ = {
			isa = PBXNativeTarget;
			buildConfigurationList = 054ACF1D18A952EB00AAF46F /* Build configuration list for PBXNativeTarget "BumOrBorrowedTests" */;
			buildPhases = (
				054ACF0518A952EB00AAF46F /* Sources */,
				054ACF0618A952EB00AAF46F /* Frameworks */,
				054ACF0718A952EB00AAF46F /* Resources */,
			);
			buildRules = (
			);
			dependencies = (
				054ACF0F18A952EB00AAF46F /* PBXTargetDependency */,
			);
			name = BumOrBorrowedTests;
			productName = BumOrBorrowedTests;
			productReference = 054ACF0918A952EB00AAF46F /* BumOrBorrowedTests.xctest */;
			productType = "com.apple.product-type.bundle.unit-test";
		};
/* End PBXNativeTarget section */

/* Begin PBXProject section */
		054ACEE018A952EB00AAF46F /* Project object */ = {
			isa = PBXProject;
			attributes = {
				LastUpgradeCheck = 0500;
				ORGANIZATIONNAME = "Big Red INC";
				TargetAttributes = {
					054ACEE718A952EB00AAF46F = {
						DevelopmentTeam = 25LG3Z5469;
					};
					054ACF0818A952EB00AAF46F = {
						TestTargetID = 054ACEE718A952EB00AAF46F;
					};
				};
			};
			buildConfigurationList = 054ACEE318A952EB00AAF46F /* Build configuration list for PBXProject "BumOrBorrowed" */;
			compatibilityVersion = "Xcode 3.2";
			developmentRegion = English;
			hasScannedForEncodings = 0;
			knownRegions = (
				en,
				Base,
			);
			mainGroup = 054ACEDF18A952EB00AAF46F;
			productRefGroup = 054ACEE918A952EB00AAF46F /* Products */;
			projectDirPath = "";
			projectRoot = "";
			targets = (
				054ACEE718A952EB00AAF46F /* BumOrBorrowed */,
				054ACF0818A952EB00AAF46F /* BumOrBorrowedTests */,
			);
		};
/* End PBXProject section */

/* Begin PBXResourcesBuildPhase section */
		054ACEE618A952EB00AAF46F /* Resources */ = {
			isa = PBXResourcesBuildPhase;
			buildActionMask = 2147483647;
			files = (
				054ACF3518AAD26400AAF46F /* Main.storyboard in Resources */,
				F5552A3518BEC2DB007891A4 /* black_line.png in Resources */,
				F5552A3318BEC002007891A4 /* info-256.png in Resources */,
				F54EE85D18B3EBA3009821FA /* free-camera-icon.png in Resources */,
				F5552A2F18BEBB25007891A4 /* slide-circle-black.png in Resources */,
				F5552A3118BEBFF2007891A4 /* facebook black .png in Resources */,
				F5BB661918B514CB00462F36 /* facebook.png in Resources */,
				054ACF0418A952EB00AAF46F /* Images.xcassets in Resources */,
				F5BB661B18B515A400462F36 /* facebook f blue.png in Resources */,
				F5552A3718BEC370007891A4 /* blackline good.png in Resources */,
				054ACEF618A952EB00AAF46F /* InfoPlist.strings in Resources */,
				F5BB661F18B6609F00462F36 /* facebook_f_blue_color_match_attempt.png in Resources */,
				F5552A3D18BED296007891A4 /* Borrow-Hero-Splash.png in Resources */,
				F5552A3918BEC75D007891A4 /* facebook blacker .png in Resources */,
				05BEAD8218BE5B72000E0581 /* DatePickerButton.png in Resources */,
			);
			runOnlyForDeploymentPostprocessing = 0;
		};
		054ACF0718A952EB00AAF46F /* Resources */ = {
			isa = PBXResourcesBuildPhase;
			buildActionMask = 2147483647;
			files = (
				054ACF1518A952EB00AAF46F /* InfoPlist.strings in Resources */,
			);
			runOnlyForDeploymentPostprocessing = 0;
		};
/* End PBXResourcesBuildPhase section */

/* Begin PBXShellScriptBuildPhase section */
		3238A029E83F4E399D66C11C /* Copy Pods Resources */ = {
			isa = PBXShellScriptBuildPhase;
			buildActionMask = 2147483647;
			files = (
			);
			inputPaths = (
			);
			name = "Copy Pods Resources";
			outputPaths = (
			);
			runOnlyForDeploymentPostprocessing = 0;
			shellPath = /bin/sh;
			shellScript = "\"${SRCROOT}/Pods/Pods-resources.sh\"\n";
			showEnvVarsInLog = 0;
		};
		A5573655A3E8423285A79864 /* Check Pods Manifest.lock */ = {
			isa = PBXShellScriptBuildPhase;
			buildActionMask = 2147483647;
			files = (
			);
			inputPaths = (
			);
			name = "Check Pods Manifest.lock";
			outputPaths = (
			);
			runOnlyForDeploymentPostprocessing = 0;
			shellPath = /bin/sh;
			shellScript = "diff \"${PODS_ROOT}/../Podfile.lock\" \"${PODS_ROOT}/Manifest.lock\" > /dev/null\nif [[ $? != 0 ]] ; then\n    cat << EOM\nerror: The sandbox is not in sync with the Podfile.lock. Run 'pod install' or update your CocoaPods installation.\nEOM\n    exit 1\nfi\n";
			showEnvVarsInLog = 0;
		};
/* End PBXShellScriptBuildPhase section */

/* Begin PBXSourcesBuildPhase section */
		054ACEE418A952EB00AAF46F /* Sources */ = {
			isa = PBXSourcesBuildPhase;
			buildActionMask = 2147483647;
			files = (
				054ACF3218AA98FC00AAF46F /* ViewDealsViewController.m in Sources */,
				F5A51CB118BD00E200FCCA6A /* ItemsCustomCell.m in Sources */,
				054ACF3818AAE1F800AAF46F /* DealDetailViewController.m in Sources */,
				054ACF2F18AA8A8700AAF46F /* DealViewController.m in Sources */,
				F5BB662218B6732100462F36 /* ViewByItemsViewController.m in Sources */,
				F5540E8D18BE88BE00819480 /* DealDetailDatePickerViewController.m in Sources */,
				054ACF0218A952EB00AAF46F /* ViewController.m in Sources */,
				054ACEFC18A952EB00AAF46F /* AppDelegate.m in Sources */,
				054ACEF818A952EB00AAF46F /* main.m in Sources */,
			);
			runOnlyForDeploymentPostprocessing = 0;
		};
		054ACF0518A952EB00AAF46F /* Sources */ = {
			isa = PBXSourcesBuildPhase;
			buildActionMask = 2147483647;
			files = (
				054ACF1718A952EB00AAF46F /* BumOrBorrowedTests.m in Sources */,
			);
			runOnlyForDeploymentPostprocessing = 0;
		};
/* End PBXSourcesBuildPhase section */

/* Begin PBXTargetDependency section */
		054ACF0F18A952EB00AAF46F /* PBXTargetDependency */ = {
			isa = PBXTargetDependency;
			target = 054ACEE718A952EB00AAF46F /* BumOrBorrowed */;
			targetProxy = 054ACF0E18A952EB00AAF46F /* PBXContainerItemProxy */;
		};
/* End PBXTargetDependency section */

/* Begin PBXVariantGroup section */
		054ACEF418A952EB00AAF46F /* InfoPlist.strings */ = {
			isa = PBXVariantGroup;
			children = (
				054ACEF518A952EB00AAF46F /* en */,
			);
			name = InfoPlist.strings;
			sourceTree = "<group>";
		};
		054ACF1318A952EB00AAF46F /* InfoPlist.strings */ = {
			isa = PBXVariantGroup;
			children = (
				054ACF1418A952EB00AAF46F /* en */,
			);
			name = InfoPlist.strings;
			sourceTree = "<group>";
		};
		054ACF3318AAD26400AAF46F /* Main.storyboard */ = {
			isa = PBXVariantGroup;
			children = (
				054ACF3418AAD26400AAF46F /* Base */,
			);
			name = Main.storyboard;
			sourceTree = "<group>";
		};
/* End PBXVariantGroup section */

/* Begin XCBuildConfiguration section */
		054ACF1818A952EB00AAF46F /* Debug */ = {
			isa = XCBuildConfiguration;
			buildSettings = {
				ALWAYS_SEARCH_USER_PATHS = NO;
				ARCHS = "$(ARCHS_STANDARD_INCLUDING_64_BIT)";
				CLANG_CXX_LANGUAGE_STANDARD = "gnu++0x";
				CLANG_CXX_LIBRARY = "libc++";
				CLANG_ENABLE_MODULES = YES;
				CLANG_ENABLE_OBJC_ARC = YES;
				CLANG_WARN_BOOL_CONVERSION = YES;
				CLANG_WARN_CONSTANT_CONVERSION = YES;
				CLANG_WARN_DIRECT_OBJC_ISA_USAGE = YES_ERROR;
				CLANG_WARN_EMPTY_BODY = YES;
				CLANG_WARN_ENUM_CONVERSION = YES;
				CLANG_WARN_INT_CONVERSION = YES;
				CLANG_WARN_OBJC_ROOT_CLASS = YES_ERROR;
				CLANG_WARN__DUPLICATE_METHOD_MATCH = YES;
				CODE_SIGN_IDENTITY = "iPhone Developer: Jared Friedman (74HU3WK27S)";
				"CODE_SIGN_IDENTITY[sdk=iphoneos*]" = "iPhone Developer: Jared Friedman (74HU3WK27S)";
				COPY_PHASE_STRIP = NO;
				GCC_C_LANGUAGE_STANDARD = gnu99;
				GCC_DYNAMIC_NO_PIC = NO;
				GCC_OPTIMIZATION_LEVEL = 0;
				GCC_PREPROCESSOR_DEFINITIONS = (
					"DEBUG=1",
					"$(inherited)",
				);
				GCC_SYMBOLS_PRIVATE_EXTERN = NO;
				GCC_WARN_64_TO_32_BIT_CONVERSION = YES;
				GCC_WARN_ABOUT_RETURN_TYPE = YES_ERROR;
				GCC_WARN_UNDECLARED_SELECTOR = YES;
				GCC_WARN_UNINITIALIZED_AUTOS = YES;
				GCC_WARN_UNUSED_FUNCTION = YES;
				GCC_WARN_UNUSED_VARIABLE = YES;
				IPHONEOS_DEPLOYMENT_TARGET = 7.0;
				ONLY_ACTIVE_ARCH = YES;
				PROVISIONING_PROFILE = "1DE18222-47CB-4327-B879-583A04E1FC0C";
				SDKROOT = iphoneos;
			};
			name = Debug;
		};
		054ACF1918A952EB00AAF46F /* Release */ = {
			isa = XCBuildConfiguration;
			buildSettings = {
				ALWAYS_SEARCH_USER_PATHS = NO;
				ARCHS = "$(ARCHS_STANDARD_INCLUDING_64_BIT)";
				CLANG_CXX_LANGUAGE_STANDARD = "gnu++0x";
				CLANG_CXX_LIBRARY = "libc++";
				CLANG_ENABLE_MODULES = YES;
				CLANG_ENABLE_OBJC_ARC = YES;
				CLANG_WARN_BOOL_CONVERSION = YES;
				CLANG_WARN_CONSTANT_CONVERSION = YES;
				CLANG_WARN_DIRECT_OBJC_ISA_USAGE = YES_ERROR;
				CLANG_WARN_EMPTY_BODY = YES;
				CLANG_WARN_ENUM_CONVERSION = YES;
				CLANG_WARN_INT_CONVERSION = YES;
				CLANG_WARN_OBJC_ROOT_CLASS = YES_ERROR;
				CLANG_WARN__DUPLICATE_METHOD_MATCH = YES;
				CODE_SIGN_IDENTITY = "iPhone Distribution: Jared Friedman (25LG3Z5469)";
				"CODE_SIGN_IDENTITY[sdk=iphoneos*]" = "iPhone Distribution: Jared Friedman (25LG3Z5469)";
				COPY_PHASE_STRIP = YES;
				ENABLE_NS_ASSERTIONS = NO;
				GCC_C_LANGUAGE_STANDARD = gnu99;
				GCC_WARN_64_TO_32_BIT_CONVERSION = YES;
				GCC_WARN_ABOUT_RETURN_TYPE = YES_ERROR;
				GCC_WARN_UNDECLARED_SELECTOR = YES;
				GCC_WARN_UNINITIALIZED_AUTOS = YES;
				GCC_WARN_UNUSED_FUNCTION = YES;
				GCC_WARN_UNUSED_VARIABLE = YES;
				IPHONEOS_DEPLOYMENT_TARGET = 7.0;
				PROVISIONING_PROFILE = "1DE18222-47CB-4327-B879-583A04E1FC0C";
				SDKROOT = iphoneos;
				VALIDATE_PRODUCT = YES;
			};
			name = Release;
		};
		054ACF1B18A952EB00AAF46F /* Debug */ = {
			isa = XCBuildConfiguration;
			baseConfigurationReference = 935918A2E99441BC9A530BF9 /* Pods.xcconfig */;
			buildSettings = {
				ASSETCATALOG_COMPILER_APPICON_NAME = AppIcon;
				ASSETCATALOG_COMPILER_LAUNCHIMAGE_NAME = LaunchImage;
				CODE_SIGN_IDENTITY = "iPhone Developer: Jared Friedman (74HU3WK27S)";
				"CODE_SIGN_IDENTITY[sdk=*]" = "iPhone Developer: Jared Friedman (74HU3WK27S)";
				"CODE_SIGN_IDENTITY[sdk=iphoneos*]" = "iPhone Developer: Jared Friedman (74HU3WK27S)";
				FRAMEWORK_SEARCH_PATHS = "$(inherited)";
				GCC_PRECOMPILE_PREFIX_HEADER = YES;
				GCC_PREFIX_HEADER = "BumOrBorrowed/BumOrBorrowed-Prefix.pch";
				INFOPLIST_FILE = "BumOrBorrowed/BumOrBorrowed-Info.plist";
				LIBRARY_SEARCH_PATHS = "$(inherited)";
				PRODUCT_NAME = "$(TARGET_NAME)";
				PROVISIONING_PROFILE = "1DE18222-47CB-4327-B879-583A04E1FC0C";
				WRAPPER_EXTENSION = app;
			};
			name = Debug;
		};
		054ACF1C18A952EB00AAF46F /* Release */ = {
			isa = XCBuildConfiguration;
			baseConfigurationReference = 935918A2E99441BC9A530BF9 /* Pods.xcconfig */;
			buildSettings = {
				ASSETCATALOG_COMPILER_APPICON_NAME = AppIcon;
				ASSETCATALOG_COMPILER_LAUNCHIMAGE_NAME = LaunchImage;
				CODE_SIGN_IDENTITY = "iPhone Distribution: Jared Friedman (25LG3Z5469)";
				"CODE_SIGN_IDENTITY[sdk=iphoneos*]" = "iPhone Distribution: Jared Friedman (25LG3Z5469)";
				FRAMEWORK_SEARCH_PATHS = "$(inherited)";
				GCC_PRECOMPILE_PREFIX_HEADER = YES;
				GCC_PREFIX_HEADER = "BumOrBorrowed/BumOrBorrowed-Prefix.pch";
				INFOPLIST_FILE = "BumOrBorrowed/BumOrBorrowed-Info.plist";
				LIBRARY_SEARCH_PATHS = "$(inherited)";
				PRODUCT_NAME = "$(TARGET_NAME)";
				PROVISIONING_PROFILE = "1DE18222-47CB-4327-B879-583A04E1FC0C";
				WRAPPER_EXTENSION = app;
			};
			name = Release;
		};
		054ACF1E18A952EB00AAF46F /* Debug */ = {
			isa = XCBuildConfiguration;
			buildSettings = {
				ARCHS = "$(ARCHS_STANDARD_INCLUDING_64_BIT)";
				BUNDLE_LOADER = "$(BUILT_PRODUCTS_DIR)/BumOrBorrowed.app/BumOrBorrowed";
				FRAMEWORK_SEARCH_PATHS = (
					"$(SDKROOT)/Developer/Library/Frameworks",
					"$(inherited)",
					"$(DEVELOPER_FRAMEWORKS_DIR)",
				);
				GCC_PRECOMPILE_PREFIX_HEADER = YES;
				GCC_PREFIX_HEADER = "BumOrBorrowed/BumOrBorrowed-Prefix.pch";
				GCC_PREPROCESSOR_DEFINITIONS = (
					"DEBUG=1",
					"$(inherited)",
				);
				INFOPLIST_FILE = "BumOrBorrowedTests/BumOrBorrowedTests-Info.plist";
				PRODUCT_NAME = "$(TARGET_NAME)";
				TEST_HOST = "$(BUNDLE_LOADER)";
				WRAPPER_EXTENSION = xctest;
			};
			name = Debug;
		};
		054ACF1F18A952EB00AAF46F /* Release */ = {
			isa = XCBuildConfiguration;
			buildSettings = {
				ARCHS = "$(ARCHS_STANDARD_INCLUDING_64_BIT)";
				BUNDLE_LOADER = "$(BUILT_PRODUCTS_DIR)/BumOrBorrowed.app/BumOrBorrowed";
				FRAMEWORK_SEARCH_PATHS = (
					"$(SDKROOT)/Developer/Library/Frameworks",
					"$(inherited)",
					"$(DEVELOPER_FRAMEWORKS_DIR)",
				);
				GCC_PRECOMPILE_PREFIX_HEADER = YES;
				GCC_PREFIX_HEADER = "BumOrBorrowed/BumOrBorrowed-Prefix.pch";
				INFOPLIST_FILE = "BumOrBorrowedTests/BumOrBorrowedTests-Info.plist";
				PRODUCT_NAME = "$(TARGET_NAME)";
				TEST_HOST = "$(BUNDLE_LOADER)";
				WRAPPER_EXTENSION = xctest;
			};
			name = Release;
		};
/* End XCBuildConfiguration section */

/* Begin XCConfigurationList section */
		054ACEE318A952EB00AAF46F /* Build configuration list for PBXProject "BumOrBorrowed" */ = {
			isa = XCConfigurationList;
			buildConfigurations = (
				054ACF1818A952EB00AAF46F /* Debug */,
				054ACF1918A952EB00AAF46F /* Release */,
			);
			defaultConfigurationIsVisible = 0;
			defaultConfigurationName = Release;
		};
		054ACF1A18A952EB00AAF46F /* Build configuration list for PBXNativeTarget "BumOrBorrowed" */ = {
			isa = XCConfigurationList;
			buildConfigurations = (
				054ACF1B18A952EB00AAF46F /* Debug */,
				054ACF1C18A952EB00AAF46F /* Release */,
			);
			defaultConfigurationIsVisible = 0;
			defaultConfigurationName = Release;
		};
		054ACF1D18A952EB00AAF46F /* Build configuration list for PBXNativeTarget "BumOrBorrowedTests" */ = {
			isa = XCConfigurationList;
			buildConfigurations = (
				054ACF1E18A952EB00AAF46F /* Debug */,
				054ACF1F18A952EB00AAF46F /* Release */,
			);
			defaultConfigurationIsVisible = 0;
			defaultConfigurationName = Release;
		};
/* End XCConfigurationList section */
	};
	rootObject = 054ACEE018A952EB00AAF46F /* Project object */;
}
